// !$*UTF8*$!
{
	archiveVersion = 1;
	classes = {
	};
	objectVersion = 48;
	objects = {

/* Begin PBXBuildFile section */
		55ABCC9BBA25645E491F4122 /* libPods-WKWebViewDemo.a in Frameworks */ = {isa = PBXBuildFile; fileRef = 6AF9310834FE6403E9C38FED /* libPods-WKWebViewDemo.a */; };
		5F99A2731FCE650300FD5126 /* AppDelegate.m in Sources */ = {isa = PBXBuildFile; fileRef = 5F99A2721FCE650300FD5126 /* AppDelegate.m */; };
		5F99A2761FCE650300FD5126 /* ViewController.m in Sources */ = {isa = PBXBuildFile; fileRef = 5F99A2751FCE650300FD5126 /* ViewController.m */; };
		5F99A2791FCE650300FD5126 /* Main.storyboard in Resources */ = {isa = PBXBuildFile; fileRef = 5F99A2771FCE650300FD5126 /* Main.storyboard */; };
		5F99A27B1FCE650300FD5126 /* Assets.xcassets in Resources */ = {isa = PBXBuildFile; fileRef = 5F99A27A1FCE650300FD5126 /* Assets.xcassets */; };
		5F99A27E1FCE650300FD5126 /* LaunchScreen.storyboard in Resources */ = {isa = PBXBuildFile; fileRef = 5F99A27C1FCE650300FD5126 /* LaunchScreen.storyboard */; };
		5F99A2811FCE650300FD5126 /* main.m in Sources */ = {isa = PBXBuildFile; fileRef = 5F99A2801FCE650300FD5126 /* main.m */; };
		5FDF04C61FCE7FCA0010CCF3 /* WebViewController.m in Sources */ = {isa = PBXBuildFile; fileRef = 5FDF04C51FCE7FCA0010CCF3 /* WebViewController.m */; };
		5FDF04CB1FCE8D900010CCF3 /* BaseViewController.m in Sources */ = {isa = PBXBuildFile; fileRef = 5FDF04CA1FCE8D900010CCF3 /* BaseViewController.m */; };
/* End PBXBuildFile section */

/* Begin PBXFileReference section */
		28A48A4787238A482A1FB33A /* Pods-WKWebViewDemo.release.xcconfig */ = {isa = PBXFileReference; includeInIndex = 1; lastKnownFileType = text.xcconfig; name = "Pods-WKWebViewDemo.release.xcconfig"; path = "Pods/Target Support Files/Pods-WKWebViewDemo/Pods-WKWebViewDemo.release.xcconfig"; sourceTree = "<group>"; };
		5F99A26E1FCE650300FD5126 /* WKWebViewDemo.app */ = {isa = PBXFileReference; explicitFileType = wrapper.application; includeInIndex = 0; path = WKWebViewDemo.app; sourceTree = BUILT_PRODUCTS_DIR; };
		5F99A2711FCE650300FD5126 /* AppDelegate.h */ = {isa = PBXFileReference; lastKnownFileType = sourcecode.c.h; path = AppDelegate.h; sourceTree = "<group>"; };
		5F99A2721FCE650300FD5126 /* AppDelegate.m */ = {isa = PBXFileReference; lastKnownFileType = sourcecode.c.objc; path = AppDelegate.m; sourceTree = "<group>"; };
		5F99A2741FCE650300FD5126 /* ViewController.h */ = {isa = PBXFileReference; lastKnownFileType = sourcecode.c.h; path = ViewController.h; sourceTree = "<group>"; };
		5F99A2751FCE650300FD5126 /* ViewController.m */ = {isa = PBXFileReference; lastKnownFileType = sourcecode.c.objc; path = ViewController.m; sourceTree = "<group>"; };
		5F99A2781FCE650300FD5126 /* Base */ = {isa = PBXFileReference; lastKnownFileType = file.storyboard; name = Base; path = Base.lproj/Main.storyboard; sourceTree = "<group>"; };
		5F99A27A1FCE650300FD5126 /* Assets.xcassets */ = {isa = PBXFileReference; lastKnownFileType = folder.assetcatalog; path = Assets.xcassets; sourceTree = "<group>"; };
		5F99A27D1FCE650300FD5126 /* Base */ = {isa = PBXFileReference; lastKnownFileType = file.storyboard; name = Base; path = Base.lproj/LaunchScreen.storyboard; sourceTree = "<group>"; };
		5F99A27F1FCE650300FD5126 /* Info.plist */ = {isa = PBXFileReference; lastKnownFileType = text.plist.xml; path = Info.plist; sourceTree = "<group>"; };
		5F99A2801FCE650300FD5126 /* main.m */ = {isa = PBXFileReference; lastKnownFileType = sourcecode.c.objc; path = main.m; sourceTree = "<group>"; };
		5FDF04C41FCE7FCA0010CCF3 /* WebViewController.h */ = {isa = PBXFileReference; lastKnownFileType = sourcecode.c.h; path = WebViewController.h; sourceTree = "<group>"; };
		5FDF04C51FCE7FCA0010CCF3 /* WebViewController.m */ = {isa = PBXFileReference; lastKnownFileType = sourcecode.c.objc; path = WebViewController.m; sourceTree = "<group>"; };
		5FDF04C91FCE8D900010CCF3 /* BaseViewController.h */ = {isa = PBXFileReference; lastKnownFileType = sourcecode.c.h; path = BaseViewController.h; sourceTree = "<group>"; };
		5FDF04CA1FCE8D900010CCF3 /* BaseViewController.m */ = {isa = PBXFileReference; lastKnownFileType = sourcecode.c.objc; path = BaseViewController.m; sourceTree = "<group>"; };
		616250896E46BA3CE753F7BA /* Pods-WKWebViewDemo.debug.xcconfig */ = {isa = PBXFileReference; includeInIndex = 1; lastKnownFileType = text.xcconfig; name = "Pods-WKWebViewDemo.debug.xcconfig"; path = "Pods/Target Support Files/Pods-WKWebViewDemo/Pods-WKWebViewDemo.debug.xcconfig"; sourceTree = "<group>"; };
		6AF9310834FE6403E9C38FED /* libPods-WKWebViewDemo.a */ = {isa = PBXFileReference; explicitFileType = archive.ar; includeInIndex = 0; path = "libPods-WKWebViewDemo.a"; sourceTree = BUILT_PRODUCTS_DIR; };
/* End PBXFileReference section */

/* Begin PBXFrameworksBuildPhase section */
		5F99A26B1FCE650300FD5126 /* Frameworks */ = {
			isa = PBXFrameworksBuildPhase;
			buildActionMask = 2147483647;
			files = (
				55ABCC9BBA25645E491F4122 /* libPods-WKWebViewDemo.a in Frameworks */,
			);
			runOnlyForDeploymentPostprocessing = 0;
		};
/* End PBXFrameworksBuildPhase section */

/* Begin PBXGroup section */
		5F99A2651FCE650300FD5126 = {
			isa = PBXGroup;
			children = (
				5F99A2701FCE650300FD5126 /* WKWebViewDemo */,
				5F99A26F1FCE650300FD5126 /* Products */,
				F7C296D60F6DEF59B2BF9959 /* Pods */,
				AB1072598535AADF3C69031A /* Frameworks */,
			);
			sourceTree = "<group>";
		};
		5F99A26F1FCE650300FD5126 /* Products */ = {
			isa = PBXGroup;
			children = (
				5F99A26E1FCE650300FD5126 /* WKWebViewDemo.app */,
			);
			name = Products;
			sourceTree = "<group>";
		};
		5F99A2701FCE650300FD5126 /* WKWebViewDemo */ = {
			isa = PBXGroup;
			children = (
				5F99A2711FCE650300FD5126 /* AppDelegate.h */,
				5F99A2721FCE650300FD5126 /* AppDelegate.m */,
				5FDF04C91FCE8D900010CCF3 /* BaseViewController.h */,
				5FDF04CA1FCE8D900010CCF3 /* BaseViewController.m */,
				5F99A2741FCE650300FD5126 /* ViewController.h */,
				5F99A2751FCE650300FD5126 /* ViewController.m */,
				5FDF04C41FCE7FCA0010CCF3 /* WebViewController.h */,
				5FDF04C51FCE7FCA0010CCF3 /* WebViewController.m */,
				5F99A2771FCE650300FD5126 /* Main.storyboard */,
				5F99A27A1FCE650300FD5126 /* Assets.xcassets */,
				5F99A27C1FCE650300FD5126 /* LaunchScreen.storyboard */,
				5F99A27F1FCE650300FD5126 /* Info.plist */,
				5F99A2801FCE650300FD5126 /* main.m */,
			);
			path = WKWebViewDemo;
			sourceTree = "<group>";
		};
		AB1072598535AADF3C69031A /* Frameworks */ = {
			isa = PBXGroup;
			children = (
				6AF9310834FE6403E9C38FED /* libPods-WKWebViewDemo.a */,
			);
			name = Frameworks;
			sourceTree = "<group>";
		};
		F7C296D60F6DEF59B2BF9959 /* Pods */ = {
			isa = PBXGroup;
			children = (
				616250896E46BA3CE753F7BA /* Pods-WKWebViewDemo.debug.xcconfig */,
				28A48A4787238A482A1FB33A /* Pods-WKWebViewDemo.release.xcconfig */,
			);
			name = Pods;
			sourceTree = "<group>";
		};
/* End PBXGroup section */

/* Begin PBXNativeTarget section */
		5F99A26D1FCE650300FD5126 /* WKWebViewDemo */ = {
			isa = PBXNativeTarget;
			buildConfigurationList = 5F99A2841FCE650300FD5126 /* Build configuration list for PBXNativeTarget "WKWebViewDemo" */;
			buildPhases = (
				648CC4D08F553705A084DCD3 /* [CP] Check Pods Manifest.lock */,
				5F99A26A1FCE650300FD5126 /* Sources */,
				5F99A26B1FCE650300FD5126 /* Frameworks */,
				5F99A26C1FCE650300FD5126 /* Resources */,
				0A182A7C51FD07F5EC27D9BE /* [CP] Embed Pods Frameworks */,
				A63C0569E7777FEDFA2E6EB6 /* [CP] Copy Pods Resources */,
			);
			buildRules = (
			);
			dependencies = (
			);
			name = WKWebViewDemo;
			productName = WKWebViewDemo;
			productReference = 5F99A26E1FCE650300FD5126 /* WKWebViewDemo.app */;
			productType = "com.apple.product-type.application";
		};
/* End PBXNativeTarget section */

/* Begin PBXProject section */
		5F99A2661FCE650300FD5126 /* Project object */ = {
			isa = PBXProject;
			attributes = {
				LastUpgradeCheck = 0910;
				ORGANIZATIONNAME = Curtis;
				TargetAttributes = {
					5F99A26D1FCE650300FD5126 = {
						CreatedOnToolsVersion = 9.1;
						ProvisioningStyle = Automatic;
					};
				};
			};
			buildConfigurationList = 5F99A2691FCE650300FD5126 /* Build configuration list for PBXProject "WKWebViewDemo" */;
			compatibilityVersion = "Xcode 8.0";
			developmentRegion = en;
			hasScannedForEncodings = 0;
			knownRegions = (
				en,
				Base,
			);
			mainGroup = 5F99A2651FCE650300FD5126;
			productRefGroup = 5F99A26F1FCE650300FD5126 /* Products */;
			projectDirPath = "";
			projectRoot = "";
			targets = (
				5F99A26D1FCE650300FD5126 /* WKWebViewDemo */,
			);
		};
/* End PBXProject section */

/* Begin PBXResourcesBuildPhase section */
		5F99A26C1FCE650300FD5126 /* Resources */ = {
			isa = PBXResourcesBuildPhase;
			buildActionMask = 2147483647;
			files = (
				5F99A27E1FCE650300FD5126 /* LaunchScreen.storyboard in Resources */,
				5F99A27B1FCE650300FD5126 /* Assets.xcassets in Resources */,
				5F99A2791FCE650300FD5126 /* Main.storyboard in Resources */,
			);
			runOnlyForDeploymentPostprocessing = 0;
		};
/* End PBXResourcesBuildPhase section */

/* Begin PBXShellScriptBuildPhase section */
		0A182A7C51FD07F5EC27D9BE /* [CP] Embed Pods Frameworks */ = {
			isa = PBXShellScriptBuildPhase;
			buildActionMask = 2147483647;
			files = (
			);
			inputPaths = (
			);
			name = "[CP] Embed Pods Frameworks";
			outputPaths = (
			);
			runOnlyForDeploymentPostprocessing = 0;
			shellPath = /bin/sh;
			shellScript = "\"${SRCROOT}/Pods/Target Support Files/Pods-WKWebViewDemo/Pods-WKWebViewDemo-frameworks.sh\"\n";
			showEnvVarsInLog = 0;
		};
		648CC4D08F553705A084DCD3 /* [CP] Check Pods Manifest.lock */ = {
			isa = PBXShellScriptBuildPhase;
			buildActionMask = 2147483647;
			files = (
			);
			inputPaths = (
				"${PODS_PODFILE_DIR_PATH}/Podfile.lock",
				"${PODS_ROOT}/Manifest.lock",
			);
			name = "[CP] Check Pods Manifest.lock";
			outputPaths = (
				"$(DERIVED_FILE_DIR)/Pods-WKWebViewDemo-checkManifestLockResult.txt",
			);
			runOnlyForDeploymentPostprocessing = 0;
			shellPath = /bin/sh;
			shellScript = "diff \"${PODS_PODFILE_DIR_PATH}/Podfile.lock\" \"${PODS_ROOT}/Manifest.lock\" > /dev/null\nif [ $? != 0 ] ; then\n    # print error to STDERR\n    echo \"error: The sandbox is not in sync with the Podfile.lock. Run 'pod install' or update your CocoaPods installation.\" >&2\n    exit 1\nfi\n# This output is used by Xcode 'outputs' to avoid re-running this script phase.\necho \"SUCCESS\" > \"${SCRIPT_OUTPUT_FILE_0}\"\n";
			showEnvVarsInLog = 0;
		};
		A63C0569E7777FEDFA2E6EB6 /* [CP] Copy Pods Resources */ = {
			isa = PBXShellScriptBuildPhase;
			buildActionMask = 2147483647;
			files = (
			);
			inputPaths = (
			);
			name = "[CP] Copy Pods Resources";
			outputPaths = (
			);
			runOnlyForDeploymentPostprocessing = 0;
			shellPath = /bin/sh;
			shellScript = "\"${SRCROOT}/Pods/Target Support Files/Pods-WKWebViewDemo/Pods-WKWebViewDemo-resources.sh\"\n";
			showEnvVarsInLog = 0;
		};
/* End PBXShellScriptBuildPhase section */

/* Begin PBXSourcesBuildPhase section */
		5F99A26A1FCE650300FD5126 /* Sources */ = {
			isa = PBXSourcesBuildPhase;
			buildActionMask = 2147483647;
			files = (
				5FDF04C61FCE7FCA0010CCF3 /* WebViewController.m in Sources */,
				5FDF04CB1FCE8D900010CCF3 /* BaseViewController.m in Sources */,
				5F99A2761FCE650300FD5126 /* ViewController.m in Sources */,
				5F99A2811FCE650300FD5126 /* main.m in Sources */,
				5F99A2731FCE650300FD5126 /* AppDelegate.m in Sources */,
			);
			runOnlyForDeploymentPostprocessing = 0;
		};
/* End PBXSourcesBuildPhase section */

/* Begin PBXVariantGroup section */
		5F99A2771FCE650300FD5126 /* Main.storyboard */ = {
			isa = PBXVariantGroup;
			children = (
				5F99A2781FCE650300FD5126 /* Base */,
			);
			name = Main.storyboard;
			sourceTree = "<group>";
		};
		5F99A27C1FCE650300FD5126 /* LaunchScreen.storyboard */ = {
			isa = PBXVariantGroup;
			children = (
				5F99A27D1FCE650300FD5126 /* Base */,
			);
			name = LaunchScreen.storyboard;
			sourceTree = "<group>";
		};
/* End PBXVariantGroup section */

/* Begin XCBuildConfiguration section */
		5F99A2821FCE650300FD5126 /* Debug */ = {
			isa = XCBuildConfiguration;
			buildSettings = {
				ALWAYS_SEARCH_USER_PATHS = NO;
				CLANG_ANALYZER_NONNULL = YES;
				CLANG_ANALYZER_NUMBER_OBJECT_CONVERSION = YES_AGGRESSIVE;
				CLANG_CXX_LANGUAGE_STANDARD = "gnu++14";
				CLANG_CXX_LIBRARY = "libc++";
				CLANG_ENABLE_MODULES = YES;
				CLANG_ENABLE_OBJC_ARC = YES;
				CLANG_WARN_BLOCK_CAPTURE_AUTORELEASING = YES;
				CLANG_WARN_BOOL_CONVERSION = YES;
				CLANG_WARN_COMMA = YES;
				CLANG_WARN_CONSTANT_CONVERSION = YES;
				CLANG_WARN_DIRECT_OBJC_ISA_USAGE = YES_ERROR;
				CLANG_WARN_DOCUMENTATION_COMMENTS = YES;
				CLANG_WARN_EMPTY_BODY = YES;
				CLANG_WARN_ENUM_CONVERSION = YES;
				CLANG_WARN_INFINITE_RECURSION = YES;
				CLANG_WARN_INT_CONVERSION = YES;
				CLANG_WARN_NON_LITERAL_NULL_CONVERSION = YES;
				CLANG_WARN_OBJC_LITERAL_CONVERSION = YES;
				CLANG_WARN_OBJC_ROOT_CLASS = YES_ERROR;
				CLANG_WARN_RANGE_LOOP_ANALYSIS = YES;
				CLANG_WARN_STRICT_PROTOTYPES = YES;
				CLANG_WARN_SUSPICIOUS_MOVE = YES;
				CLANG_WARN_UNGUARDED_AVAILABILITY = YES_AGGRESSIVE;
				CLANG_WARN_UNREACHABLE_CODE = YES;
				CLANG_WARN__DUPLICATE_METHOD_MATCH = YES;
				CODE_SIGN_IDENTITY = "iPhone Developer";
				COPY_PHASE_STRIP = NO;
				DEBUG_INFORMATION_FORMAT = dwarf;
				ENABLE_STRICT_OBJC_MSGSEND = YES;
				ENABLE_TESTABILITY = YES;
				GCC_C_LANGUAGE_STANDARD = gnu11;
				GCC_DYNAMIC_NO_PIC = NO;
				GCC_NO_COMMON_BLOCKS = YES;
				GCC_OPTIMIZATION_LEVEL = 0;
				GCC_PREPROCESSOR_DEFINITIONS = (
					"DEBUG=1",
					"$(inherited)",
				);
				GCC_WARN_64_TO_32_BIT_CONVERSION = YES;
				GCC_WARN_ABOUT_RETURN_TYPE = YES_ERROR;
				GCC_WARN_UNDECLARED_SELECTOR = YES;
				GCC_WARN_UNINITIALIZED_AUTOS = YES_AGGRESSIVE;
				GCC_WARN_UNUSED_FUNCTION = YES;
				GCC_WARN_UNUSED_VARIABLE = YES;
				IPHONEOS_DEPLOYMENT_TARGET = 11.1;
				MTL_ENABLE_DEBUG_INFO = YES;
				ONLY_ACTIVE_ARCH = YES;
				SDKROOT = iphoneos;
			};
			name = Debug;
		};
		5F99A2831FCE650300FD5126 /* Release */ = {
			isa = XCBuildConfiguration;
			buildSettings = {
				ALWAYS_SEARCH_USER_PATHS = NO;
				CLANG_ANALYZER_NONNULL = YES;
				CLANG_ANALYZER_NUMBER_OBJECT_CONVERSION = YES_AGGRESSIVE;
				CLANG_CXX_LANGUAGE_STANDARD = "gnu++14";
				CLANG_CXX_LIBRARY = "libc++";
				CLANG_ENABLE_MODULES = YES;
				CLANG_ENABLE_OBJC_ARC = YES;
				CLANG_WARN_BLOCK_CAPTURE_AUTORELEASING = YES;
				CLANG_WARN_BOOL_CONVERSION = YES;
				CLANG_WARN_COMMA = YES;
				CLANG_WARN_CONSTANT_CONVERSION = YES;
				CLANG_WARN_DIRECT_OBJC_ISA_USAGE = YES_ERROR;
				CLANG_WARN_DOCUMENTATION_COMMENTS = YES;
				CLANG_WARN_EMPTY_BODY = YES;
				CLANG_WARN_ENUM_CONVERSION = YES;
				CLANG_WARN_INFINITE_RECURSION = YES;
				CLANG_WARN_INT_CONVERSION = YES;
				CLANG_WARN_NON_LITERAL_NULL_CONVERSION = YES;
				CLANG_WARN_OBJC_LITERAL_CONVERSION = YES;
				CLANG_WARN_OBJC_ROOT_CLASS = YES_ERROR;
				CLANG_WARN_RANGE_LOOP_ANALYSIS = YES;
				CLANG_WARN_STRICT_PROTOTYPES = YES;
				CLANG_WARN_SUSPICIOUS_MOVE = YES;
				CLANG_WARN_UNGUARDED_AVAILABILITY = YES_AGGRESSIVE;
				CLANG_WARN_UNREACHABLE_CODE = YES;
				CLANG_WARN__DUPLICATE_METHOD_MATCH = YES;
				CODE_SIGN_IDENTITY = "iPhone Developer";
				COPY_PHASE_STRIP = NO;
				DEBUG_INFORMATION_FORMAT = "dwarf-with-dsym";
				ENABLE_NS_ASSERTIONS = NO;
				ENABLE_STRICT_OBJC_MSGSEND = YES;
				GCC_C_LANGUAGE_STANDARD = gnu11;
				GCC_NO_COMMON_BLOCKS = YES;
				GCC_WARN_64_TO_32_BIT_CONVERSION = YES;
				GCC_WARN_ABOUT_RETURN_TYPE = YES_ERROR;
				GCC_WARN_UNDECLARED_SELECTOR = YES;
				GCC_WARN_UNINITIALIZED_AUTOS = YES_AGGRESSIVE;
				GCC_WARN_UNUSED_FUNCTION = YES;
				GCC_WARN_UNUSED_VARIABLE = YES;
				IPHONEOS_DEPLOYMENT_TARGET = 11.1;
				MTL_ENABLE_DEBUG_INFO = NO;
				SDKROOT = iphoneos;
				VALIDATE_PRODUCT = YES;
			};
			name = Release;
		};
		5F99A2851FCE650300FD5126 /* Debug */ = {
			isa = XCBuildConfiguration;
			baseConfigurationReference = 616250896E46BA3CE753F7BA /* Pods-WKWebViewDemo.debug.xcconfig */;
			buildSettings = {
				ASSETCATALOG_COMPILER_APPICON_NAME = AppIcon;
				CODE_SIGN_STYLE = Automatic;
				DEVELOPMENT_TEAM = 7GSW2BF5U4;
				INFOPLIST_FILE = WKWebViewDemo/Info.plist;
				IPHONEOS_DEPLOYMENT_TARGET = 9.0;
				LD_RUNPATH_SEARCH_PATHS = "$(inherited) @executable_path/Frameworks";
				PRODUCT_BUNDLE_IDENTIFIER = Curtis.WKWebViewDemo;
				PRODUCT_NAME = "$(TARGET_NAME)";
				TARGETED_DEVICE_FAMILY = "1,2";
			};
			name = Debug;
		};
		5F99A2861FCE650300FD5126 /* Release */ = {
			isa = XCBuildConfiguration;
			baseConfigurationReference = 28A48A4787238A482A1FB33A /* Pods-WKWebViewDemo.release.xcconfig */;
			buildSettings = {
				ASSETCATALOG_COMPILER_APPICON_NAME = AppIcon;
				CODE_SIGN_STYLE = Automatic;
				DEVELOPMENT_TEAM = 7GSW2BF5U4;
				INFOPLIST_FILE = WKWebViewDemo/Info.plist;
				IPHONEOS_DEPLOYMENT_TARGET = 9.0;
				LD_RUNPATH_SEARCH_PATHS = "$(inherited) @executable_path/Frameworks";
				PRODUCT_BUNDLE_IDENTIFIER = Curtis.WKWebViewDemo;
				PRODUCT_NAME = "$(TARGET_NAME)";
				TARGETED_DEVICE_FAMILY = "1,2";
			};
			name = Release;
		};
/* End XCBuildConfiguration section */

/* Begin XCConfigurationList section */
		5F99A2691FCE650300FD5126 /* Build configuration list for PBXProject "WKWebViewDemo" */ = {
			isa = XCConfigurationList;
			buildConfigurations = (
				5F99A2821FCE650300FD5126 /* Debug */,
				5F99A2831FCE650300FD5126 /* Release */,
			);
			defaultConfigurationIsVisible = 0;
			defaultConfigurationName = Release;
		};
		5F99A2841FCE650300FD5126 /* Build configuration list for PBXNativeTarget "WKWebViewDemo" */ = {
			isa = XCConfigurationList;
			buildConfigurations = (
				5F99A2851FCE650300FD5126 /* Debug */,
				5F99A2861FCE650300FD5126 /* Release */,
			);
			defaultConfigurationIsVisible = 0;
			defaultConfigurationName = Release;
		};
/* End XCConfigurationList section */
	};
	rootObject = 5F99A2661FCE650300FD5126 /* Project object */;
}
